
Microsoft Visual Studio Solution File, Format Version 12.00
# Visual Studio Version 17
VisualStudioVersion = 17.3.32825.248
MinimumVisualStudioVersion = 10.0.40219.1
Project("{9A19103F-16F7-4668-BE54-9A1E7A4F7556}") = "SchoolPortalAPI", "API\SchoolPortalAPI.csproj", "{C5102C7F-369D-46EE-9EAC-1A1B167CD2C8}"
EndProject
Project("{54A90642-561A-4BB1-A94E-469ADEE60C69}") = "school-portal", "clientApp\school-portal.esproj", "{075E8211-C78A-434B-AC3C-70F9C17079EF}"
EndProject
Project("{9A19103F-16F7-4668-BE54-9A1E7A4F7556}") = "SchoolPortalApi.Core", "SchoolPortalApi.Core\SchoolPortalApi.Core.csproj", "{DC6399E0-DE6C-484E-A7AD-801E2632FF8E}"
EndProject
Project("{9A19103F-16F7-4668-BE54-9A1E7A4F7556}") = "SchoolPortalApi.Data", "SchoolPortalApi.Data\SchoolPortalApi.Data.csproj", "{FC2FFC45-74BE-4E6E-B3C3-880A7D544CD6}"
EndProject
Project("{FAE04EC0-301F-11D3-BF4B-00C04F79EFBC}") = "SchoolPortalApi.Test", "SchoolPortalApi.Test\SchoolPortalApi.Test.csproj", "{48C20B23-7E96-41A0-AF4B-7420DDEDA292}"
EndProject
Global
	GlobalSection(SolutionConfigurationPlatforms) = preSolution
		Debug|Any CPU = Debug|Any CPU
		Release|Any CPU = Release|Any CPU
	EndGlobalSection
	GlobalSection(ProjectConfigurationPlatforms) = postSolution
		{C5102C7F-369D-46EE-9EAC-1A1B167CD2C8}.Debug|Any CPU.ActiveCfg = Debug|Any CPU
		{C5102C7F-369D-46EE-9EAC-1A1B167CD2C8}.Debug|Any CPU.Build.0 = Debug|Any CPU
		{C5102C7F-369D-46EE-9EAC-1A1B167CD2C8}.Release|Any CPU.ActiveCfg = Release|Any CPU
		{C5102C7F-369D-46EE-9EAC-1A1B167CD2C8}.Release|Any CPU.Build.0 = Release|Any CPU
		{075E8211-C78A-434B-AC3C-70F9C17079EF}.Debug|Any CPU.ActiveCfg = Debug|Any CPU
		{075E8211-C78A-434B-AC3C-70F9C17079EF}.Debug|Any CPU.Build.0 = Debug|Any CPU
		{075E8211-C78A-434B-AC3C-70F9C17079EF}.Debug|Any CPU.Deploy.0 = Debug|Any CPU
		{075E8211-C78A-434B-AC3C-70F9C17079EF}.Release|Any CPU.ActiveCfg = Release|Any CPU
		{075E8211-C78A-434B-AC3C-70F9C17079EF}.Release|Any CPU.Build.0 = Release|Any CPU
		{075E8211-C78A-434B-AC3C-70F9C17079EF}.Release|Any CPU.Deploy.0 = Release|Any CPU
		{DC6399E0-DE6C-484E-A7AD-801E2632FF8E}.Debug|Any CPU.ActiveCfg = Debug|Any CPU
		{DC6399E0-DE6C-484E-A7AD-801E2632FF8E}.Debug|Any CPU.Build.0 = Debug|Any CPU
		{DC6399E0-DE6C-484E-A7AD-801E2632FF8E}.Release|Any CPU.ActiveCfg = Release|Any CPU
		{DC6399E0-DE6C-484E-A7AD-801E2632FF8E}.Release|Any CPU.Build.0 = Release|Any CPU
		{FC2FFC45-74BE-4E6E-B3C3-880A7D544CD6}.Debug|Any CPU.ActiveCfg = Debug|Any CPU
		{FC2FFC45-74BE-4E6E-B3C3-880A7D544CD6}.Debug|Any CPU.Build.0 = Debug|Any CPU
		{FC2FFC45-74BE-4E6E-B3C3-880A7D544CD6}.Release|Any CPU.ActiveCfg = Release|Any CPU
		{FC2FFC45-74BE-4E6E-B3C3-880A7D544CD6}.Release|Any CPU.Build.0 = Release|Any CPU
		{48C20B23-7E96-41A0-AF4B-7420DDEDA292}.Debug|Any CPU.ActiveCfg = Debug|Any CPU
		{48C20B23-7E96-41A0-AF4B-7420DDEDA292}.Debug|Any CPU.Build.0 = Debug|Any CPU
		{48C20B23-7E96-41A0-AF4B-7420DDEDA292}.Release|Any CPU.ActiveCfg = Release|Any CPU
		{48C20B23-7E96-41A0-AF4B-7420DDEDA292}.Release|Any CPU.Build.0 = Release|Any CPU
	EndGlobalSection
	GlobalSection(SolutionProperties) = preSolution
		HideSolutionNode = FALSE
	EndGlobalSection
	GlobalSection(ExtensibilityGlobals) = postSolution
		SolutionGuid = {BE7954B8-47BD-43FC-8739-D77E51D3C338}
	EndGlobalSection
EndGlobal
