
Microsoft Visual Studio Solution File, Format Version 12.00
# Visual Studio Version 17
VisualStudioVersion = 17.3.32825.248
MinimumVisualStudioVersion = 10.0.40219.1
Project("{9A19103F-16F7-4668-BE54-9A1E7A4F7556}") = "API", "API.csproj", "{8EEC8DD7-8807-4C3E-A9A0-5D1A245B0955}"
EndProject
Global
	GlobalSection(SolutionConfigurationPlatforms) = preSolution
		Debug|Any CPU = Debug|Any CPU
		Release|Any CPU = Release|Any CPU
	EndGlobalSection
	GlobalSection(ProjectConfigurationPlatforms) = postSolution
		{8EEC8DD7-8807-4C3E-A9A0-5D1A245B0955}.Debug|Any CPU.ActiveCfg = Debug|Any CPU
		{8EEC8DD7-8807-4C3E-A9A0-5D1A245B0955}.Debug|Any CPU.Build.0 = Debug|Any CPU
		{8EEC8DD7-8807-4C3E-A9A0-5D1A245B0955}.Release|Any CPU.ActiveCfg = Release|Any CPU
		{8EEC8DD7-8807-4C3E-A9A0-5D1A245B0955}.Release|Any CPU.Build.0 = Release|Any CPU
	EndGlobalSection
	GlobalSection(SolutionProperties) = preSolution
		HideSolutionNode = FALSE
	EndGlobalSection
	GlobalSection(ExtensibilityGlobals) = postSolution
		SolutionGuid = {0829EAD3-0012-439C-885F-2A3D1DB193BC}
	EndGlobalSection
EndGlobal
